
Microsoft Visual Studio Solution File, Format Version 12.00
# Visual Studio Version 16
VisualStudioVersion = 16.0.30907.101
MinimumVisualStudioVersion = 10.0.40219.1
Project("{FAE04EC0-301F-11D3-BF4B-00C04F79EFBC}") = "JsonPokedex.App", "JsonPokedex.App\JsonPokedex.App.csproj", "{091C563B-A76D-4F72-9D12-43D1A5F13340}"
EndProject
Project("{FAE04EC0-301F-11D3-BF4B-00C04F79EFBC}") = "Pokedex.Lib", "Pokemon.Lib\Pokedex.Lib.csproj", "{065474C6-7595-4FE3-BFA2-1FE6A23B993F}"
EndProject
Project("{FAE04EC0-301F-11D3-BF4B-00C04F79EFBC}") = "PokedexForm.App", "PokedexForm.App\PokedexForm.App.csproj", "{F7A5B2E3-1A9D-4459-A39C-84C9EFB309EA}"
EndProject
Global
	GlobalSection(SolutionConfigurationPlatforms) = preSolution
		Debug|Any CPU = Debug|Any CPU
		Release|Any CPU = Release|Any CPU
	EndGlobalSection
	GlobalSection(ProjectConfigurationPlatforms) = postSolution
		{091C563B-A76D-4F72-9D12-43D1A5F13340}.Debug|Any CPU.ActiveCfg = Debug|Any CPU
		{091C563B-A76D-4F72-9D12-43D1A5F13340}.Debug|Any CPU.Build.0 = Debug|Any CPU
		{091C563B-A76D-4F72-9D12-43D1A5F13340}.Release|Any CPU.ActiveCfg = Release|Any CPU
		{091C563B-A76D-4F72-9D12-43D1A5F13340}.Release|Any CPU.Build.0 = Release|Any CPU
		{065474C6-7595-4FE3-BFA2-1FE6A23B993F}.Debug|Any CPU.ActiveCfg = Debug|Any CPU
		{065474C6-7595-4FE3-BFA2-1FE6A23B993F}.Debug|Any CPU.Build.0 = Debug|Any CPU
		{065474C6-7595-4FE3-BFA2-1FE6A23B993F}.Release|Any CPU.ActiveCfg = Release|Any CPU
		{065474C6-7595-4FE3-BFA2-1FE6A23B993F}.Release|Any CPU.Build.0 = Release|Any CPU
		{F7A5B2E3-1A9D-4459-A39C-84C9EFB309EA}.Debug|Any CPU.ActiveCfg = Debug|Any CPU
		{F7A5B2E3-1A9D-4459-A39C-84C9EFB309EA}.Debug|Any CPU.Build.0 = Debug|Any CPU
		{F7A5B2E3-1A9D-4459-A39C-84C9EFB309EA}.Release|Any CPU.ActiveCfg = Release|Any CPU
		{F7A5B2E3-1A9D-4459-A39C-84C9EFB309EA}.Release|Any CPU.Build.0 = Release|Any CPU
	EndGlobalSection
	GlobalSection(SolutionProperties) = preSolution
		HideSolutionNode = FALSE
	EndGlobalSection
	GlobalSection(ExtensibilityGlobals) = postSolution
		SolutionGuid = {134C2217-381D-4F64-BE5D-47CEC58BDC75}
	EndGlobalSection
EndGlobal
